
Microsoft Visual Studio Solution File, Format Version 12.00
# Visual Studio Version 17
VisualStudioVersion = 17.8.34330.188
MinimumVisualStudioVersion = 10.0.40219.1
Project("{9A19103F-16F7-4668-BE54-9A1E7A4F7556}") = "PACore", "PACore\PACore.csproj", "{6748723C-0FAB-4AA8-870B-4319657BF8B4}"
EndProject
Project("{9A19103F-16F7-4668-BE54-9A1E7A4F7556}") = "PAWorker", "PAWorker\PAWorker.csproj", "{4CAB84A3-44B0-4EEB-BA01-1FBE14C2E195}"
	ProjectSection(ProjectDependencies) = postProject
		{6748723C-0FAB-4AA8-870B-4319657BF8B4} = {6748723C-0FAB-4AA8-870B-4319657BF8B4}
	EndProjectSection
EndProject
Project("{9A19103F-16F7-4668-BE54-9A1E7A4F7556}") = "PACoreDebuggerGodot", "..\PACoreDebuggerGodot\PACoreDebuggerGodot.csproj", "{F54CEFA5-CAF8-4736-8AEE-4681AFCAC310}"
EndProject
Global
	GlobalSection(SolutionConfigurationPlatforms) = preSolution
		Debug|Any CPU = Debug|Any CPU
		ExportDebug|Any CPU = ExportDebug|Any CPU
		ExportRelease|Any CPU = ExportRelease|Any CPU
		Release|Any CPU = Release|Any CPU
	EndGlobalSection
	GlobalSection(ProjectConfigurationPlatforms) = postSolution
		{6748723C-0FAB-4AA8-870B-4319657BF8B4}.Debug|Any CPU.ActiveCfg = Debug|Any CPU
		{6748723C-0FAB-4AA8-870B-4319657BF8B4}.Debug|Any CPU.Build.0 = Debug|Any CPU
		{6748723C-0FAB-4AA8-870B-4319657BF8B4}.ExportDebug|Any CPU.ActiveCfg = Debug|Any CPU
		{6748723C-0FAB-4AA8-870B-4319657BF8B4}.ExportDebug|Any CPU.Build.0 = Debug|Any CPU
		{6748723C-0FAB-4AA8-870B-4319657BF8B4}.ExportRelease|Any CPU.ActiveCfg = Release|Any CPU
		{6748723C-0FAB-4AA8-870B-4319657BF8B4}.ExportRelease|Any CPU.Build.0 = Release|Any CPU
		{6748723C-0FAB-4AA8-870B-4319657BF8B4}.Release|Any CPU.ActiveCfg = Release|Any CPU
		{6748723C-0FAB-4AA8-870B-4319657BF8B4}.Release|Any CPU.Build.0 = Release|Any CPU
		{4CAB84A3-44B0-4EEB-BA01-1FBE14C2E195}.Debug|Any CPU.ActiveCfg = Debug|Any CPU
		{4CAB84A3-44B0-4EEB-BA01-1FBE14C2E195}.Debug|Any CPU.Build.0 = Debug|Any CPU
		{4CAB84A3-44B0-4EEB-BA01-1FBE14C2E195}.ExportDebug|Any CPU.ActiveCfg = Debug|Any CPU
		{4CAB84A3-44B0-4EEB-BA01-1FBE14C2E195}.ExportDebug|Any CPU.Build.0 = Debug|Any CPU
		{4CAB84A3-44B0-4EEB-BA01-1FBE14C2E195}.ExportRelease|Any CPU.ActiveCfg = Release|Any CPU
		{4CAB84A3-44B0-4EEB-BA01-1FBE14C2E195}.ExportRelease|Any CPU.Build.0 = Release|Any CPU
		{4CAB84A3-44B0-4EEB-BA01-1FBE14C2E195}.Release|Any CPU.ActiveCfg = Release|Any CPU
		{4CAB84A3-44B0-4EEB-BA01-1FBE14C2E195}.Release|Any CPU.Build.0 = Release|Any CPU
		{F54CEFA5-CAF8-4736-8AEE-4681AFCAC310}.Debug|Any CPU.ActiveCfg = Debug|Any CPU
		{F54CEFA5-CAF8-4736-8AEE-4681AFCAC310}.Debug|Any CPU.Build.0 = Debug|Any CPU
		{F54CEFA5-CAF8-4736-8AEE-4681AFCAC310}.ExportDebug|Any CPU.ActiveCfg = ExportDebug|Any CPU
		{F54CEFA5-CAF8-4736-8AEE-4681AFCAC310}.ExportDebug|Any CPU.Build.0 = ExportDebug|Any CPU
		{F54CEFA5-CAF8-4736-8AEE-4681AFCAC310}.ExportRelease|Any CPU.ActiveCfg = ExportRelease|Any CPU
		{F54CEFA5-CAF8-4736-8AEE-4681AFCAC310}.ExportRelease|Any CPU.Build.0 = ExportRelease|Any CPU
		{F54CEFA5-CAF8-4736-8AEE-4681AFCAC310}.Release|Any CPU.ActiveCfg = ExportRelease|Any CPU
		{F54CEFA5-CAF8-4736-8AEE-4681AFCAC310}.Release|Any CPU.Build.0 = ExportRelease|Any CPU
	EndGlobalSection
	GlobalSection(SolutionProperties) = preSolution
		HideSolutionNode = FALSE
	EndGlobalSection
	GlobalSection(ExtensibilityGlobals) = postSolution
		SolutionGuid = {32F08A94-735B-45D7-A37B-8FF00F20D4FF}
	EndGlobalSection
EndGlobal
